
Microsoft Visual Studio Solution File, Format Version 12.00
# Visual Studio 14
VisualStudioVersion = 14.0.25420.1
MinimumVisualStudioVersion = 10.0.40219.1
Project("{2150E333-8FDC-42A3-9474-1A3956D46DE8}") = "src", "src", "{7988804C-30DA-4FAE-82CB-E7982E1BBE56}"
EndProject
Project("{2150E333-8FDC-42A3-9474-1A3956D46DE8}") = "Solution Items", "Solution Items", "{D2E0CE52-F131-43FC-99A4-94CD7276B497}"
	ProjectSection(SolutionItems) = preProject
		global.json = global.json
	EndProjectSection
EndProject
Project("{8BB2217D-0F2D-49D1-97BC-3654ED321F3B}") = "SonOfCod", "src\SonOfCod\SonOfCod.xproj", "{916C0BDC-9FBC-426F-A7AA-A18752B034FC}"
EndProject
Project("{2150E333-8FDC-42A3-9474-1A3956D46DE8}") = "tests", "tests", "{009C2F60-EEBB-4E8B-8F2E-82F718AEBA1D}"
EndProject
Project("{8BB2217D-0F2D-49D1-97BC-3654ED321F3B}") = "SonOfCod.Tests", "SonOfCodTests\SonOfCod.Tests.xproj", "{2F5C9766-611F-46D3-A3AF-3C9AB628226D}"
EndProject
Global
	GlobalSection(SolutionConfigurationPlatforms) = preSolution
		Debug|Any CPU = Debug|Any CPU
		Release|Any CPU = Release|Any CPU
	EndGlobalSection
	GlobalSection(ProjectConfigurationPlatforms) = postSolution
		{916C0BDC-9FBC-426F-A7AA-A18752B034FC}.Debug|Any CPU.ActiveCfg = Debug|Any CPU
		{916C0BDC-9FBC-426F-A7AA-A18752B034FC}.Debug|Any CPU.Build.0 = Debug|Any CPU
		{916C0BDC-9FBC-426F-A7AA-A18752B034FC}.Release|Any CPU.ActiveCfg = Release|Any CPU
		{916C0BDC-9FBC-426F-A7AA-A18752B034FC}.Release|Any CPU.Build.0 = Release|Any CPU
		{2F5C9766-611F-46D3-A3AF-3C9AB628226D}.Debug|Any CPU.ActiveCfg = Debug|Any CPU
		{2F5C9766-611F-46D3-A3AF-3C9AB628226D}.Debug|Any CPU.Build.0 = Debug|Any CPU
		{2F5C9766-611F-46D3-A3AF-3C9AB628226D}.Release|Any CPU.ActiveCfg = Release|Any CPU
		{2F5C9766-611F-46D3-A3AF-3C9AB628226D}.Release|Any CPU.Build.0 = Release|Any CPU
	EndGlobalSection
	GlobalSection(SolutionProperties) = preSolution
		HideSolutionNode = FALSE
	EndGlobalSection
	GlobalSection(NestedProjects) = preSolution
		{916C0BDC-9FBC-426F-A7AA-A18752B034FC} = {7988804C-30DA-4FAE-82CB-E7982E1BBE56}
		{2F5C9766-611F-46D3-A3AF-3C9AB628226D} = {009C2F60-EEBB-4E8B-8F2E-82F718AEBA1D}
	EndGlobalSection
EndGlobal
